{
  "object": {
    "pins": [
      {
        "package": "RxExpect",
        "repositoryURL": "https://github.com/Moriya-Taichi/RxExpect.git",
        "state": {
          "branch": null,
          "revision": "c37dde1c82a59551ac7d7c436f95cd2c96aaa249",
          "version": "2.0.1"
        }
      },
      {
        "package": "RxSwift",
        "repositoryURL": "https://github.com/ReactiveX/RxSwift.git",
        "state": {
          "branch": null,
          "revision": "7c17a6ccca06b5c107cfa4284e634562ddaf5951",
          "version": "6.2.0"
        }
      }
    ]
  },
  "version": 1
}
